
Microsoft Visual Studio Solution File, Format Version 12.00
# Visual Studio Version 16
VisualStudioVersion = 16.0.29926.136
MinimumVisualStudioVersion = 10.0.40219.1
Project("{FAE04EC0-301F-11D3-BF4B-00C04F79EFBC}") = "WebApplication1", "WebApplication1\WebApplication1.csproj", "{762BC4DD-F314-4F5D-997E-DCFCAD17D337}"
EndProject
Project("{FAE04EC0-301F-11D3-BF4B-00C04F79EFBC}") = "Model", "Model\Model.csproj", "{F9DCF6DE-B31A-4D56-B051-396757CFD218}"
EndProject
Global
	GlobalSection(SolutionConfigurationPlatforms) = preSolution
		Debug|Any CPU = Debug|Any CPU
		Release|Any CPU = Release|Any CPU
	EndGlobalSection
	GlobalSection(ProjectConfigurationPlatforms) = postSolution
		{762BC4DD-F314-4F5D-997E-DCFCAD17D337}.Debug|Any CPU.ActiveCfg = Debug|Any CPU
		{762BC4DD-F314-4F5D-997E-DCFCAD17D337}.Debug|Any CPU.Build.0 = Debug|Any CPU
		{762BC4DD-F314-4F5D-997E-DCFCAD17D337}.Release|Any CPU.ActiveCfg = Release|Any CPU
		{762BC4DD-F314-4F5D-997E-DCFCAD17D337}.Release|Any CPU.Build.0 = Release|Any CPU
		{F9DCF6DE-B31A-4D56-B051-396757CFD218}.Debug|Any CPU.ActiveCfg = Debug|Any CPU
		{F9DCF6DE-B31A-4D56-B051-396757CFD218}.Debug|Any CPU.Build.0 = Debug|Any CPU
		{F9DCF6DE-B31A-4D56-B051-396757CFD218}.Release|Any CPU.ActiveCfg = Release|Any CPU
		{F9DCF6DE-B31A-4D56-B051-396757CFD218}.Release|Any CPU.Build.0 = Release|Any CPU
	EndGlobalSection
	GlobalSection(SolutionProperties) = preSolution
		HideSolutionNode = FALSE
	EndGlobalSection
	GlobalSection(ExtensibilityGlobals) = postSolution
		SolutionGuid = {032AD03C-E4D4-4E6E-BD6D-BBB068943075}
	EndGlobalSection
EndGlobal
